Microsoft Visual Studio Solution File, Format Version 12.00
# Visual Studio 2013
VisualStudioVersion = 12.0.31101.0
MinimumVisualStudioVersion = 10.0.40219.1
Project("{2150E333-8FDC-42A3-9474-1A3956D46DE8}") = "paket", "paket", "{B521A597-793B-4D2A-8302-AAC7AC224ACC}"
	ProjectSection(SolutionItems) = preProject
		.paket\paket.bootstrapper.exe = .paket\paket.bootstrapper.exe
		paket.dependencies = paket.dependencies
		.paket\paket.exe = .paket\paket.exe
		paket.lock = paket.lock
		.paket\paket.targets = .paket\paket.targets
	EndProjectSection
EndProject
Project("{2150E333-8FDC-42A3-9474-1A3956D46DE8}") = "project", "project", "{BF60BC93-E09B-4E5F-9D85-95A519479D54}"
	ProjectSection(SolutionItems) = preProject
		.travis.yml = .travis.yml
		appveyor.yml = appveyor.yml
		build.cmd = build.cmd
		build.fsx = build.fsx
		build.sh = build.sh
		License.md = License.md
		README.md = README.md
		RELEASE_NOTES.md = RELEASE_NOTES.md
		nuget\Vagabond.nuspec = nuget\Vagabond.nuspec
	EndProjectSection
EndProject
Project("{2150E333-8FDC-42A3-9474-1A3956D46DE8}") = "samples", "samples", "{DC2A6E19-CB54-495B-8F63-6FF508D15949}"
EndProject
Project("{F2A71F9B-5D33-465A-A702-920D77279786}") = "Vagabond", "src\Vagabond\Vagabond.fsproj", "{2E62B639-1560-46EB-8528-A604B5D194FB}"
EndProject
Project("{F2A71F9B-5D33-465A-A702-920D77279786}") = "Vagabond.Tests", "tests\Vagabond.Tests\Vagabond.Tests.fsproj", "{8B688D61-B358-4146-A6B8-2CEFABBEC5A0}"
EndProject
Project("{FAE04EC0-301F-11D3-BF4B-00C04F79EFBC}") = "Vagabond.Cecil", "src\Vagabond.Cecil\Vagabond.Cecil.csproj", "{63F1D1AF-BAC0-4A8D-8537-437BA4652F39}"
EndProject
Project("{2150E333-8FDC-42A3-9474-1A3956D46DE8}") = "docs", "docs", "{E2A7A569-92D7-4A47-86C0-B0B9C680D530}"
EndProject
Project("{2150E333-8FDC-42A3-9474-1A3956D46DE8}") = "content", "content", "{7024E5FE-9835-411F-9621-5E5CA6558C19}"
	ProjectSection(SolutionItems) = preProject
		docs\content\index.fsx = docs\content\index.fsx
		docs\content\overview.fsx = docs\content\overview.fsx
		docs\content\tutorial.fsx = docs\content\tutorial.fsx
	EndProjectSection
EndProject
Project("{2150E333-8FDC-42A3-9474-1A3956D46DE8}") = "files", "files", "{3D29EE57-78B9-410A-BBCF-7F59C04F667D}"
	ProjectSection(SolutionItems) = preProject
		docs\files\img\logo.png = docs\files\img\logo.png
		docs\files\img\nessos.png = docs\files\img\nessos.png
	EndProjectSection
EndProject
Project("{2150E333-8FDC-42A3-9474-1A3956D46DE8}") = "tools", "tools", "{DA4963F6-E95D-4541-94BE-9468E172286C}"
	ProjectSection(SolutionItems) = preProject
		docs\tools\generate.fsx = docs\tools\generate.fsx
		docs\tools\templates\template.cshtml = docs\tools\templates\template.cshtml
	EndProjectSection
EndProject
Project("{F2A71F9B-5D33-465A-A702-920D77279786}") = "ThunkServer", "samples\ThunkServer\ThunkServer.fsproj", "{818400E0-B729-4DB8-A5F5-B8C8DEDA11D6}"
EndProject
Global
	GlobalSection(SolutionConfigurationPlatforms) = preSolution
		Debug|Any CPU = Debug|Any CPU
		Release|Any CPU = Release|Any CPU
	EndGlobalSection
	GlobalSection(ProjectConfigurationPlatforms) = postSolution
		{2E62B639-1560-46EB-8528-A604B5D194FB}.Debug|Any CPU.ActiveCfg = Debug|Any CPU
		{2E62B639-1560-46EB-8528-A604B5D194FB}.Debug|Any CPU.Build.0 = Debug|Any CPU
		{2E62B639-1560-46EB-8528-A604B5D194FB}.Release|Any CPU.ActiveCfg = Release|Any CPU
		{2E62B639-1560-46EB-8528-A604B5D194FB}.Release|Any CPU.Build.0 = Release|Any CPU
		{8B688D61-B358-4146-A6B8-2CEFABBEC5A0}.Debug|Any CPU.ActiveCfg = Debug|Any CPU
		{8B688D61-B358-4146-A6B8-2CEFABBEC5A0}.Debug|Any CPU.Build.0 = Debug|Any CPU
		{8B688D61-B358-4146-A6B8-2CEFABBEC5A0}.Release|Any CPU.ActiveCfg = Release|Any CPU
		{8B688D61-B358-4146-A6B8-2CEFABBEC5A0}.Release|Any CPU.Build.0 = Release|Any CPU
		{63F1D1AF-BAC0-4A8D-8537-437BA4652F39}.Debug|Any CPU.ActiveCfg = Debug|Any CPU
		{63F1D1AF-BAC0-4A8D-8537-437BA4652F39}.Debug|Any CPU.Build.0 = Debug|Any CPU
		{63F1D1AF-BAC0-4A8D-8537-437BA4652F39}.Release|Any CPU.ActiveCfg = Release|Any CPU
		{63F1D1AF-BAC0-4A8D-8537-437BA4652F39}.Release|Any CPU.Build.0 = Release|Any CPU
		{818400E0-B729-4DB8-A5F5-B8C8DEDA11D6}.Debug|Any CPU.ActiveCfg = Debug|Any CPU
		{818400E0-B729-4DB8-A5F5-B8C8DEDA11D6}.Debug|Any CPU.Build.0 = Debug|Any CPU
		{818400E0-B729-4DB8-A5F5-B8C8DEDA11D6}.Release|Any CPU.ActiveCfg = Release|Any CPU
		{818400E0-B729-4DB8-A5F5-B8C8DEDA11D6}.Release|Any CPU.Build.0 = Release|Any CPU
	EndGlobalSection
	GlobalSection(SolutionProperties) = preSolution
		HideSolutionNode = FALSE
	EndGlobalSection
	GlobalSection(NestedProjects) = preSolution
		{B521A597-793B-4D2A-8302-AAC7AC224ACC} = {BF60BC93-E09B-4E5F-9D85-95A519479D54}
		{7024E5FE-9835-411F-9621-5E5CA6558C19} = {E2A7A569-92D7-4A47-86C0-B0B9C680D530}
		{3D29EE57-78B9-410A-BBCF-7F59C04F667D} = {E2A7A569-92D7-4A47-86C0-B0B9C680D530}
		{DA4963F6-E95D-4541-94BE-9468E172286C} = {E2A7A569-92D7-4A47-86C0-B0B9C680D530}
		{818400E0-B729-4DB8-A5F5-B8C8DEDA11D6} = {DC2A6E19-CB54-495B-8F63-6FF508D15949}
	EndGlobalSection
EndGlobal
